
Microsoft Visual Studio Solution File, Format Version 12.00
# Visual Studio Version 17
VisualStudioVersion = 17.7.34031.279
MinimumVisualStudioVersion = 10.0.40219.1
Project("{FAE04EC0-301F-11D3-BF4B-00C04F79EFBC}") = "TigerBot", "TigerBot\TigerBot.csproj", "{AB456F31-8CFD-4323-BA21-D9391BEEB1B3}"
EndProject
Global
	GlobalSection(SolutionConfigurationPlatforms) = preSolution
		Debug|Any CPU = Debug|Any CPU
		Release|Any CPU = Release|Any CPU
	EndGlobalSection
	GlobalSection(ProjectConfigurationPlatforms) = postSolution
		{AB456F31-8CFD-4323-BA21-D9391BEEB1B3}.Debug|Any CPU.ActiveCfg = Debug|Any CPU
		{AB456F31-8CFD-4323-BA21-D9391BEEB1B3}.Debug|Any CPU.Build.0 = Debug|Any CPU
		{AB456F31-8CFD-4323-BA21-D9391BEEB1B3}.Release|Any CPU.ActiveCfg = Release|Any CPU
		{AB456F31-8CFD-4323-BA21-D9391BEEB1B3}.Release|Any CPU.Build.0 = Release|Any CPU
	EndGlobalSection
	GlobalSection(SolutionProperties) = preSolution
		HideSolutionNode = FALSE
	EndGlobalSection
	GlobalSection(ExtensibilityGlobals) = postSolution
		SolutionGuid = {78A245C3-B9ED-483C-A3D5-431DB91BEA5E}
	EndGlobalSection
EndGlobal
